
Microsoft Visual Studio Solution File, Format Version 12.00
# Visual Studio Version 17
VisualStudioVersion = 17.9.34622.214
MinimumVisualStudioVersion = 10.0.40219.1
Project("{9A19103F-16F7-4668-BE54-9A1E7A4F7556}") = "MyBackedApi", "MyBackedApi\MyBackedApi.csproj", "{11F77844-6B0B-45E6-8264-C7B707D47571}"
EndProject
Project("{9A19103F-16F7-4668-BE54-9A1E7A4F7556}") = "Infrastructure", "Infrastructure\Infrastructure.csproj", "{A061224F-2707-4CC1-A099-D948F8675383}"
EndProject
Global
	GlobalSection(SolutionConfigurationPlatforms) = preSolution
		Debug|Any CPU = Debug|Any CPU
		Release|Any CPU = Release|Any CPU
	EndGlobalSection
	GlobalSection(ProjectConfigurationPlatforms) = postSolution
		{11F77844-6B0B-45E6-8264-C7B707D47571}.Debug|Any CPU.ActiveCfg = Debug|Any CPU
		{11F77844-6B0B-45E6-8264-C7B707D47571}.Debug|Any CPU.Build.0 = Debug|Any CPU
		{11F77844-6B0B-45E6-8264-C7B707D47571}.Release|Any CPU.ActiveCfg = Release|Any CPU
		{11F77844-6B0B-45E6-8264-C7B707D47571}.Release|Any CPU.Build.0 = Release|Any CPU
		{A061224F-2707-4CC1-A099-D948F8675383}.Debug|Any CPU.ActiveCfg = Debug|Any CPU
		{A061224F-2707-4CC1-A099-D948F8675383}.Debug|Any CPU.Build.0 = Debug|Any CPU
		{A061224F-2707-4CC1-A099-D948F8675383}.Release|Any CPU.ActiveCfg = Release|Any CPU
		{A061224F-2707-4CC1-A099-D948F8675383}.Release|Any CPU.Build.0 = Release|Any CPU
	EndGlobalSection
	GlobalSection(SolutionProperties) = preSolution
		HideSolutionNode = FALSE
	EndGlobalSection
	GlobalSection(ExtensibilityGlobals) = postSolution
		SolutionGuid = {E17D3AE0-F249-4B02-8281-4BD61CC72A04}
	EndGlobalSection
EndGlobal
